
Microsoft Visual Studio Solution File, Format Version 12.00
# Visual Studio Version 17
VisualStudioVersion = 17.8.34330.188
MinimumVisualStudioVersion = 10.0.40219.1
Project("{9A19103F-16F7-4668-BE54-9A1E7A4F7556}") = "Vb.Api", "VbApi\Vb.Api.csproj", "{7124383D-4A42-4B36-AB4C-774FE654D1E2}"
EndProject
Project("{FAE04EC0-301F-11D3-BF4B-00C04F79EFBC}") = "Vb.Base", "Vb.Base\Vb.Base.csproj", "{A78E28E4-0B79-4F0A-AB81-48C27175DF1A}"
EndProject
Project("{FAE04EC0-301F-11D3-BF4B-00C04F79EFBC}") = "Vb.Schema", "Vb.Schema\Vb.Schema.csproj", "{48E2BFFE-444F-408A-B44D-9FBA98B39EBE}"
EndProject
Project("{FAE04EC0-301F-11D3-BF4B-00C04F79EFBC}") = "Vb.Business", "Vb.Business\Vb.Business.csproj", "{63B6B879-D431-4D80-A223-50C38FA67C95}"
EndProject
Project("{FAE04EC0-301F-11D3-BF4B-00C04F79EFBC}") = "Vb.Data", "Vb.Data\Vb.Data.csproj", "{73FD8479-0F54-4420-9767-D061279E1CD2}"
EndProject
Global
	GlobalSection(SolutionConfigurationPlatforms) = preSolution
		Debug|Any CPU = Debug|Any CPU
		Release|Any CPU = Release|Any CPU
	EndGlobalSection
	GlobalSection(ProjectConfigurationPlatforms) = postSolution
		{7124383D-4A42-4B36-AB4C-774FE654D1E2}.Debug|Any CPU.ActiveCfg = Debug|Any CPU
		{7124383D-4A42-4B36-AB4C-774FE654D1E2}.Debug|Any CPU.Build.0 = Debug|Any CPU
		{7124383D-4A42-4B36-AB4C-774FE654D1E2}.Release|Any CPU.ActiveCfg = Release|Any CPU
		{7124383D-4A42-4B36-AB4C-774FE654D1E2}.Release|Any CPU.Build.0 = Release|Any CPU
		{A78E28E4-0B79-4F0A-AB81-48C27175DF1A}.Debug|Any CPU.ActiveCfg = Debug|Any CPU
		{A78E28E4-0B79-4F0A-AB81-48C27175DF1A}.Debug|Any CPU.Build.0 = Debug|Any CPU
		{A78E28E4-0B79-4F0A-AB81-48C27175DF1A}.Release|Any CPU.ActiveCfg = Release|Any CPU
		{A78E28E4-0B79-4F0A-AB81-48C27175DF1A}.Release|Any CPU.Build.0 = Release|Any CPU
		{48E2BFFE-444F-408A-B44D-9FBA98B39EBE}.Debug|Any CPU.ActiveCfg = Debug|Any CPU
		{48E2BFFE-444F-408A-B44D-9FBA98B39EBE}.Debug|Any CPU.Build.0 = Debug|Any CPU
		{48E2BFFE-444F-408A-B44D-9FBA98B39EBE}.Release|Any CPU.ActiveCfg = Release|Any CPU
		{48E2BFFE-444F-408A-B44D-9FBA98B39EBE}.Release|Any CPU.Build.0 = Release|Any CPU
		{63B6B879-D431-4D80-A223-50C38FA67C95}.Debug|Any CPU.ActiveCfg = Debug|Any CPU
		{63B6B879-D431-4D80-A223-50C38FA67C95}.Debug|Any CPU.Build.0 = Debug|Any CPU
		{63B6B879-D431-4D80-A223-50C38FA67C95}.Release|Any CPU.ActiveCfg = Release|Any CPU
		{63B6B879-D431-4D80-A223-50C38FA67C95}.Release|Any CPU.Build.0 = Release|Any CPU
		{73FD8479-0F54-4420-9767-D061279E1CD2}.Debug|Any CPU.ActiveCfg = Debug|Any CPU
		{73FD8479-0F54-4420-9767-D061279E1CD2}.Debug|Any CPU.Build.0 = Debug|Any CPU
		{73FD8479-0F54-4420-9767-D061279E1CD2}.Release|Any CPU.ActiveCfg = Release|Any CPU
		{73FD8479-0F54-4420-9767-D061279E1CD2}.Release|Any CPU.Build.0 = Release|Any CPU
	EndGlobalSection
	GlobalSection(SolutionProperties) = preSolution
		HideSolutionNode = FALSE
	EndGlobalSection
	GlobalSection(ExtensibilityGlobals) = postSolution
		SolutionGuid = {18B852FE-891C-45A9-9E2D-B4BB99584C8D}
	EndGlobalSection
EndGlobal
